
Microsoft Visual Studio Solution File, Format Version 12.00
# Visual Studio 15
VisualStudioVersion = 15.0.28307.136
MinimumVisualStudioVersion = 10.0.40219.1
Project("{9A19103F-16F7-4668-BE54-9A1E7A4F7556}") = "Holidays", "Holidays\Holidays.csproj", "{C00E5030-E665-4C08-85CF-CF42D3AB00B6}"
EndProject
Project("{9A19103F-16F7-4668-BE54-9A1E7A4F7556}") = "Tests", "Tests\Tests.csproj", "{20C600D6-247A-4229-9E7B-8DADFC9331D5}"
EndProject
Project("{9A19103F-16F7-4668-BE54-9A1E7A4F7556}") = "ViaCEP", "ViaCEP\ViaCEP.csproj", "{45AE77B8-CC41-4021-83E1-1B885471BFEA}"
EndProject
Global
	GlobalSection(SolutionConfigurationPlatforms) = preSolution
		Debug|Any CPU = Debug|Any CPU
		Release|Any CPU = Release|Any CPU
	EndGlobalSection
	GlobalSection(ProjectConfigurationPlatforms) = postSolution
		{C00E5030-E665-4C08-85CF-CF42D3AB00B6}.Debug|Any CPU.ActiveCfg = Debug|Any CPU
		{C00E5030-E665-4C08-85CF-CF42D3AB00B6}.Debug|Any CPU.Build.0 = Debug|Any CPU
		{C00E5030-E665-4C08-85CF-CF42D3AB00B6}.Release|Any CPU.ActiveCfg = Release|Any CPU
		{C00E5030-E665-4C08-85CF-CF42D3AB00B6}.Release|Any CPU.Build.0 = Release|Any CPU
		{20C600D6-247A-4229-9E7B-8DADFC9331D5}.Debug|Any CPU.ActiveCfg = Debug|Any CPU
		{20C600D6-247A-4229-9E7B-8DADFC9331D5}.Debug|Any CPU.Build.0 = Debug|Any CPU
		{20C600D6-247A-4229-9E7B-8DADFC9331D5}.Release|Any CPU.ActiveCfg = Release|Any CPU
		{20C600D6-247A-4229-9E7B-8DADFC9331D5}.Release|Any CPU.Build.0 = Release|Any CPU
		{45AE77B8-CC41-4021-83E1-1B885471BFEA}.Debug|Any CPU.ActiveCfg = Debug|Any CPU
		{45AE77B8-CC41-4021-83E1-1B885471BFEA}.Debug|Any CPU.Build.0 = Debug|Any CPU
		{45AE77B8-CC41-4021-83E1-1B885471BFEA}.Release|Any CPU.ActiveCfg = Release|Any CPU
		{45AE77B8-CC41-4021-83E1-1B885471BFEA}.Release|Any CPU.Build.0 = Release|Any CPU
	EndGlobalSection
	GlobalSection(SolutionProperties) = preSolution
		HideSolutionNode = FALSE
	EndGlobalSection
	GlobalSection(ExtensibilityGlobals) = postSolution
		SolutionGuid = {D4073D5B-0FB1-4E18-A662-515419BC256A}
	EndGlobalSection
EndGlobal
